// !$*UTF8*$!
{
	archiveVersion = 1;
	classes = {
	};
	objectVersion = 48;
	objects = {

/* Begin PBXBuildFile section */
		2FFA4CD3C56C0C33BC72510C /* Pods_WEatsTests.framework in Frameworks */ = {isa = PBXBuildFile; fileRef = 75C920BAE5436DA6F1CB5BDA /* Pods_WEatsTests.framework */; };
		3E0AEDE0DCA041FAFCB7719C /* Pods_WEatsUITests.framework in Frameworks */ = {isa = PBXBuildFile; fileRef = A78AC4B6411239AC9002E3E0 /* Pods_WEatsUITests.framework */; };
		6E20C8991FF144D4001F620D /* OnboardingPageController.swift in Sources */ = {isa = PBXBuildFile; fileRef = 6E20C8981FF144D4001F620D /* OnboardingPageController.swift */; };
		6E20C89B1FF149F4001F620D /* Lato-Light.ttf in Resources */ = {isa = PBXBuildFile; fileRef = 6E20C89A1FF149F4001F620D /* Lato-Light.ttf */; };
		6E20C89D1FF16A1C001F620D /* MainOnboardController.swift in Sources */ = {isa = PBXBuildFile; fileRef = 6E20C89C1FF16A1C001F620D /* MainOnboardController.swift */; };
		6E20C8A01FF16A94001F620D /* FirstOnboardDisplay.swift in Sources */ = {isa = PBXBuildFile; fileRef = 6E20C89F1FF16A94001F620D /* FirstOnboardDisplay.swift */; };
		6E20C8A21FF16AA6001F620D /* SecondOnboardDisplay.swift in Sources */ = {isa = PBXBuildFile; fileRef = 6E20C8A11FF16AA6001F620D /* SecondOnboardDisplay.swift */; };
		6E20C8A41FF16AB4001F620D /* ThirdOnboardDisplay.swift in Sources */ = {isa = PBXBuildFile; fileRef = 6E20C8A31FF16AB4001F620D /* ThirdOnboardDisplay.swift */; };
		6E20C8A61FF16AE7001F620D /* FourthOnboardDisplay.swift in Sources */ = {isa = PBXBuildFile; fileRef = 6E20C8A51FF16AE7001F620D /* FourthOnboardDisplay.swift */; };
		6E20C8A81FF16AF5001F620D /* FifthOnboardDisplay.swift in Sources */ = {isa = PBXBuildFile; fileRef = 6E20C8A71FF16AF5001F620D /* FifthOnboardDisplay.swift */; };
		6E20C8AA1FF1A6E4001F620D /* Info.plist in Resources */ = {isa = PBXBuildFile; fileRef = 6E20C8A91FF1A6E4001F620D /* Info.plist */; };
		6E20C8AE1FF1D782001F620D /* SignUpController.swift in Sources */ = {isa = PBXBuildFile; fileRef = 6E20C8AD1FF1D782001F620D /* SignUpController.swift */; };
		6EB5953C1FE4A5BE00DF267E /* WEatsTests.swift in Sources */ = {isa = PBXBuildFile; fileRef = 6EB5953B1FE4A5BE00DF267E /* WEatsTests.swift */; };
		6EB595471FE4A5BE00DF267E /* WEatsUITests.swift in Sources */ = {isa = PBXBuildFile; fileRef = 6EB595461FE4A5BE00DF267E /* WEatsUITests.swift */; };
		6EB5955C1FE4AAB300DF267E /* Assets.xcassets in Resources */ = {isa = PBXBuildFile; fileRef = 6EB5955B1FE4AAB300DF267E /* Assets.xcassets */; };
		6EB595631FE4AABC00DF267E /* AppDelegate.swift in Sources */ = {isa = PBXBuildFile; fileRef = 6EB5955F1FE4AABC00DF267E /* AppDelegate.swift */; };
		6EB595641FE4AABC00DF267E /* WEats.xcdatamodeld in Sources */ = {isa = PBXBuildFile; fileRef = 6EB595601FE4AABC00DF267E /* WEats.xcdatamodeld */; };
		6EB595671FE4AAC500DF267E /* LaunchScreen.storyboard in Resources */ = {isa = PBXBuildFile; fileRef = 6EB595651FE4AAC500DF267E /* LaunchScreen.storyboard */; };
		6EB595681FE4AAC500DF267E /* Main.storyboard in Resources */ = {isa = PBXBuildFile; fileRef = 6EB595661FE4AAC500DF267E /* Main.storyboard */; };
		6EB5956A1FE4B1F200DF267E /* MainSelectionControllerViewController.swift in Sources */ = {isa = PBXBuildFile; fileRef = 6EB595691FE4B1F200DF267E /* MainSelectionControllerViewController.swift */; };
		6EB5956C1FE4B20D00DF267E /* Restaurant.swift in Sources */ = {isa = PBXBuildFile; fileRef = 6EB5956B1FE4B20D00DF267E /* Restaurant.swift */; };
		6EB595721FE4B37A00DF267E /* Lato-Bold.ttf in Resources */ = {isa = PBXBuildFile; fileRef = 6EB5956E1FE4B37900DF267E /* Lato-Bold.ttf */; };
		6EB595731FE4B37A00DF267E /* Lato-Hairline.ttf in Resources */ = {isa = PBXBuildFile; fileRef = 6EB5956F1FE4B37900DF267E /* Lato-Hairline.ttf */; };
		6EB595741FE4B37A00DF267E /* Lato-Regular.ttf in Resources */ = {isa = PBXBuildFile; fileRef = 6EB595701FE4B37A00DF267E /* Lato-Regular.ttf */; };
		6EB595751FE4B37A00DF267E /* Lato-Italic.ttf in Resources */ = {isa = PBXBuildFile; fileRef = 6EB595711FE4B37A00DF267E /* Lato-Italic.ttf */; };
		6EB595771FE4B8B600DF267E /* SuggestedRestaurantsCell.swift in Sources */ = {isa = PBXBuildFile; fileRef = 6EB595761FE4B8B600DF267E /* SuggestedRestaurantsCell.swift */; };
		84D201C7BD5F8052914D9E88 /* Pods_WEats.framework in Frameworks */ = {isa = PBXBuildFile; fileRef = 5A70AF6F4C3F5EF2D8FF2666 /* Pods_WEats.framework */; };
/* End PBXBuildFile section */

/* Begin PBXContainerItemProxy section */
		6EB595381FE4A5BE00DF267E /* PBXContainerItemProxy */ = {
			isa = PBXContainerItemProxy;
			containerPortal = 6EB595181FE4A5BE00DF267E /* Project object */;
			proxyType = 1;
			remoteGlobalIDString = 6EB5951F1FE4A5BE00DF267E;
			remoteInfo = WEats;
		};
		6EB595431FE4A5BE00DF267E /* PBXContainerItemProxy */ = {
			isa = PBXContainerItemProxy;
			containerPortal = 6EB595181FE4A5BE00DF267E /* Project object */;
			proxyType = 1;
			remoteGlobalIDString = 6EB5951F1FE4A5BE00DF267E;
			remoteInfo = WEats;
		};
/* End PBXContainerItemProxy section */

/* Begin PBXFileReference section */
		161475F5E98491AFDE4A0B4E /* Pods-WEatsUITests.debug.xcconfig */ = {isa = PBXFileReference; includeInIndex = 1; lastKnownFileType = text.xcconfig; name = "Pods-WEatsUITests.debug.xcconfig"; path = "Pods/Target Support Files/Pods-WEatsUITests/Pods-WEatsUITests.debug.xcconfig"; sourceTree = "<group>"; };
		1FA11A14EFB8181D739AB97F /* Pods-WEatsTests.debug.xcconfig */ = {isa = PBXFileReference; includeInIndex = 1; lastKnownFileType = text.xcconfig; name = "Pods-WEatsTests.debug.xcconfig"; path = "Pods/Target Support Files/Pods-WEatsTests/Pods-WEatsTests.debug.xcconfig"; sourceTree = "<group>"; };
		34C8D62BCD429B6DCCAF8471 /* Pods-WEats.debug.xcconfig */ = {isa = PBXFileReference; includeInIndex = 1; lastKnownFileType = text.xcconfig; name = "Pods-WEats.debug.xcconfig"; path = "Pods/Target Support Files/Pods-WEats/Pods-WEats.debug.xcconfig"; sourceTree = "<group>"; };
		383D98A72538773990B3B2A4 /* Pods-WEatsUITests.release.xcconfig */ = {isa = PBXFileReference; includeInIndex = 1; lastKnownFileType = text.xcconfig; name = "Pods-WEatsUITests.release.xcconfig"; path = "Pods/Target Support Files/Pods-WEatsUITests/Pods-WEatsUITests.release.xcconfig"; sourceTree = "<group>"; };
		5A70AF6F4C3F5EF2D8FF2666 /* Pods_WEats.framework */ = {isa = PBXFileReference; explicitFileType = wrapper.framework; includeInIndex = 0; path = Pods_WEats.framework; sourceTree = BUILT_PRODUCTS_DIR; };
		6E20C8981FF144D4001F620D /* OnboardingPageController.swift */ = {isa = PBXFileReference; lastKnownFileType = sourcecode.swift; path = OnboardingPageController.swift; sourceTree = "<group>"; };
		6E20C89A1FF149F4001F620D /* Lato-Light.ttf */ = {isa = PBXFileReference; lastKnownFileType = file; name = "Lato-Light.ttf"; path = "../../../../../../Downloads/Lato/Lato-Light.ttf"; sourceTree = "<group>"; };
		6E20C89C1FF16A1C001F620D /* MainOnboardController.swift */ = {isa = PBXFileReference; lastKnownFileType = sourcecode.swift; path = MainOnboardController.swift; sourceTree = "<group>"; };
		6E20C89F1FF16A94001F620D /* FirstOnboardDisplay.swift */ = {isa = PBXFileReference; lastKnownFileType = sourcecode.swift; path = FirstOnboardDisplay.swift; sourceTree = "<group>"; };
		6E20C8A11FF16AA6001F620D /* SecondOnboardDisplay.swift */ = {isa = PBXFileReference; lastKnownFileType = sourcecode.swift; path = SecondOnboardDisplay.swift; sourceTree = "<group>"; };
		6E20C8A31FF16AB4001F620D /* ThirdOnboardDisplay.swift */ = {isa = PBXFileReference; lastKnownFileType = sourcecode.swift; path = ThirdOnboardDisplay.swift; sourceTree = "<group>"; };
		6E20C8A51FF16AE7001F620D /* FourthOnboardDisplay.swift */ = {isa = PBXFileReference; lastKnownFileType = sourcecode.swift; path = FourthOnboardDisplay.swift; sourceTree = "<group>"; };
		6E20C8A71FF16AF5001F620D /* FifthOnboardDisplay.swift */ = {isa = PBXFileReference; lastKnownFileType = sourcecode.swift; path = FifthOnboardDisplay.swift; sourceTree = "<group>"; };
		6E20C8A91FF1A6E4001F620D /* Info.plist */ = {isa = PBXFileReference; fileEncoding = 4; lastKnownFileType = text.plist.xml; path = Info.plist; sourceTree = "<group>"; };
		6E20C8AD1FF1D782001F620D /* SignUpController.swift */ = {isa = PBXFileReference; lastKnownFileType = sourcecode.swift; path = SignUpController.swift; sourceTree = "<group>"; };
		6EB595201FE4A5BE00DF267E /* WEats.app */ = {isa = PBXFileReference; explicitFileType = wrapper.application; includeInIndex = 0; path = WEats.app; sourceTree = BUILT_PRODUCTS_DIR; };
		6EB595371FE4A5BE00DF267E /* WEatsTests.xctest */ = {isa = PBXFileReference; explicitFileType = wrapper.cfbundle; includeInIndex = 0; path = WEatsTests.xctest; sourceTree = BUILT_PRODUCTS_DIR; };
		6EB5953B1FE4A5BE00DF267E /* WEatsTests.swift */ = {isa = PBXFileReference; lastKnownFileType = sourcecode.swift; path = WEatsTests.swift; sourceTree = "<group>"; };
		6EB5953D1FE4A5BE00DF267E /* Info.plist */ = {isa = PBXFileReference; lastKnownFileType = text.plist.xml; path = Info.plist; sourceTree = "<group>"; };
		6EB595421FE4A5BE00DF267E /* WEatsUITests.xctest */ = {isa = PBXFileReference; explicitFileType = wrapper.cfbundle; includeInIndex = 0; path = WEatsUITests.xctest; sourceTree = BUILT_PRODUCTS_DIR; };
		6EB595461FE4A5BE00DF267E /* WEatsUITests.swift */ = {isa = PBXFileReference; lastKnownFileType = sourcecode.swift; path = WEatsUITests.swift; sourceTree = "<group>"; };
		6EB595481FE4A5BE00DF267E /* Info.plist */ = {isa = PBXFileReference; lastKnownFileType = text.plist.xml; path = Info.plist; sourceTree = "<group>"; };
		6EB5955B1FE4AAB300DF267E /* Assets.xcassets */ = {isa = PBXFileReference; lastKnownFileType = folder.assetcatalog; path = Assets.xcassets; sourceTree = "<group>"; };
		6EB5955D1FE4AABC00DF267E /* WEats-Bridging-Header.h */ = {isa = PBXFileReference; lastKnownFileType = sourcecode.c.h; path = "WEats-Bridging-Header.h"; sourceTree = "<group>"; };
		6EB5955F1FE4AABC00DF267E /* AppDelegate.swift */ = {isa = PBXFileReference; fileEncoding = 4; lastKnownFileType = sourcecode.swift; path = AppDelegate.swift; sourceTree = "<group>"; };
		6EB595611FE4AABC00DF267E /* WEats.xcdatamodel */ = {isa = PBXFileReference; lastKnownFileType = wrapper.xcdatamodel; path = WEats.xcdatamodel; sourceTree = "<group>"; };
		6EB595651FE4AAC500DF267E /* LaunchScreen.storyboard */ = {isa = PBXFileReference; fileEncoding = 4; lastKnownFileType = file.storyboard; path = LaunchScreen.storyboard; sourceTree = "<group>"; };
		6EB595661FE4AAC500DF267E /* Main.storyboard */ = {isa = PBXFileReference; fileEncoding = 4; lastKnownFileType = file.storyboard; path = Main.storyboard; sourceTree = "<group>"; };
		6EB595691FE4B1F200DF267E /* MainSelectionControllerViewController.swift */ = {isa = PBXFileReference; lastKnownFileType = sourcecode.swift; path = MainSelectionControllerViewController.swift; sourceTree = "<group>"; };
		6EB5956B1FE4B20D00DF267E /* Restaurant.swift */ = {isa = PBXFileReference; lastKnownFileType = sourcecode.swift; path = Restaurant.swift; sourceTree = "<group>"; };
		6EB5956E1FE4B37900DF267E /* Lato-Bold.ttf */ = {isa = PBXFileReference; lastKnownFileType = file; name = "Lato-Bold.ttf"; path = "../../../../../../Downloads/Lato/Lato-Bold.ttf"; sourceTree = "<group>"; };
		6EB5956F1FE4B37900DF267E /* Lato-Hairline.ttf */ = {isa = PBXFileReference; lastKnownFileType = file; name = "Lato-Hairline.ttf"; path = "../../../../../../Downloads/Lato/Lato-Hairline.ttf"; sourceTree = "<group>"; };
		6EB595701FE4B37A00DF267E /* Lato-Regular.ttf */ = {isa = PBXFileReference; lastKnownFileType = file; name = "Lato-Regular.ttf"; path = "../../../../../../Downloads/Lato/Lato-Regular.ttf"; sourceTree = "<group>"; };
		6EB595711FE4B37A00DF267E /* Lato-Italic.ttf */ = {isa = PBXFileReference; lastKnownFileType = file; name = "Lato-Italic.ttf"; path = "../../../../../../Downloads/Lato/Lato-Italic.ttf"; sourceTree = "<group>"; };
		6EB595761FE4B8B600DF267E /* SuggestedRestaurantsCell.swift */ = {isa = PBXFileReference; lastKnownFileType = sourcecode.swift; path = SuggestedRestaurantsCell.swift; sourceTree = "<group>"; };
		75C920BAE5436DA6F1CB5BDA /* Pods_WEatsTests.framework */ = {isa = PBXFileReference; explicitFileType = wrapper.framework; includeInIndex = 0; path = Pods_WEatsTests.framework; sourceTree = BUILT_PRODUCTS_DIR; };
		A78AC4B6411239AC9002E3E0 /* Pods_WEatsUITests.framework */ = {isa = PBXFileReference; explicitFileType = wrapper.framework; includeInIndex = 0; path = Pods_WEatsUITests.framework; sourceTree = BUILT_PRODUCTS_DIR; };
		B15614B5D216DDEEBD1242D9 /* Pods-WEats.release.xcconfig */ = {isa = PBXFileReference; includeInIndex = 1; lastKnownFileType = text.xcconfig; name = "Pods-WEats.release.xcconfig"; path = "Pods/Target Support Files/Pods-WEats/Pods-WEats.release.xcconfig"; sourceTree = "<group>"; };
		D711A0DED51E54CE8A5BEE1E /* Pods-WEatsTests.release.xcconfig */ = {isa = PBXFileReference; includeInIndex = 1; lastKnownFileType = text.xcconfig; name = "Pods-WEatsTests.release.xcconfig"; path = "Pods/Target Support Files/Pods-WEatsTests/Pods-WEatsTests.release.xcconfig"; sourceTree = "<group>"; };
/* End PBXFileReference section */

/* Begin PBXFrameworksBuildPhase section */
		6EB5951D1FE4A5BE00DF267E /* Frameworks */ = {
			isa = PBXFrameworksBuildPhase;
			buildActionMask = 2147483647;
			files = (
				84D201C7BD5F8052914D9E88 /* Pods_WEats.framework in Frameworks */,
			);
			runOnlyForDeploymentPostprocessing = 0;
		};
		6EB595341FE4A5BE00DF267E /* Frameworks */ = {
			isa = PBXFrameworksBuildPhase;
			buildActionMask = 2147483647;
			files = (
				2FFA4CD3C56C0C33BC72510C /* Pods_WEatsTests.framework in Frameworks */,
			);
			runOnlyForDeploymentPostprocessing = 0;
		};
		6EB5953F1FE4A5BE00DF267E /* Frameworks */ = {
			isa = PBXFrameworksBuildPhase;
			buildActionMask = 2147483647;
			files = (
				3E0AEDE0DCA041FAFCB7719C /* Pods_WEatsUITests.framework in Frameworks */,
			);
			runOnlyForDeploymentPostprocessing = 0;
		};
/* End PBXFrameworksBuildPhase section */

/* Begin PBXGroup section */
		07DD25ACA01795227DCB58F9 /* Frameworks */ = {
			isa = PBXGroup;
			children = (
				5A70AF6F4C3F5EF2D8FF2666 /* Pods_WEats.framework */,
				75C920BAE5436DA6F1CB5BDA /* Pods_WEatsTests.framework */,
				A78AC4B6411239AC9002E3E0 /* Pods_WEatsUITests.framework */,
			);
			name = Frameworks;
			sourceTree = "<group>";
		};
		5B8056BE92EB37C02E24BE15 /* Pods */ = {
			isa = PBXGroup;
			children = (
				34C8D62BCD429B6DCCAF8471 /* Pods-WEats.debug.xcconfig */,
				B15614B5D216DDEEBD1242D9 /* Pods-WEats.release.xcconfig */,
				1FA11A14EFB8181D739AB97F /* Pods-WEatsTests.debug.xcconfig */,
				D711A0DED51E54CE8A5BEE1E /* Pods-WEatsTests.release.xcconfig */,
				161475F5E98491AFDE4A0B4E /* Pods-WEatsUITests.debug.xcconfig */,
				383D98A72538773990B3B2A4 /* Pods-WEatsUITests.release.xcconfig */,
			);
			name = Pods;
			sourceTree = "<group>";
		};
		6E20C8951FF094BA001F620D /* Onboarding */ = {
			isa = PBXGroup;
			children = (
				6E20C89E1FF16A7E001F620D /* Onboard Displays */,
				6E20C89C1FF16A1C001F620D /* MainOnboardController.swift */,
				6E20C8981FF144D4001F620D /* OnboardingPageController.swift */,
				6E20C8AD1FF1D782001F620D /* SignUpController.swift */,
			);
			path = Onboarding;
			sourceTree = "<group>";
		};
		6E20C89E1FF16A7E001F620D /* Onboard Displays */ = {
			isa = PBXGroup;
			children = (
				6E20C89F1FF16A94001F620D /* FirstOnboardDisplay.swift */,
				6E20C8A11FF16AA6001F620D /* SecondOnboardDisplay.swift */,
				6E20C8A31FF16AB4001F620D /* ThirdOnboardDisplay.swift */,
				6E20C8A51FF16AE7001F620D /* FourthOnboardDisplay.swift */,
				6E20C8A71FF16AF5001F620D /* FifthOnboardDisplay.swift */,
			);
			path = "Onboard Displays";
			sourceTree = "<group>";
		};
		6EB595171FE4A5BE00DF267E = {
			isa = PBXGroup;
			children = (
				6EB595221FE4A5BE00DF267E /* WEats */,
				6EB5953A1FE4A5BE00DF267E /* WEatsTests */,
				6EB595451FE4A5BE00DF267E /* WEatsUITests */,
				6EB595211FE4A5BE00DF267E /* Products */,
				5B8056BE92EB37C02E24BE15 /* Pods */,
				07DD25ACA01795227DCB58F9 /* Frameworks */,
			);
			sourceTree = "<group>";
		};
		6EB595211FE4A5BE00DF267E /* Products */ = {
			isa = PBXGroup;
			children = (
				6EB595201FE4A5BE00DF267E /* WEats.app */,
				6EB595371FE4A5BE00DF267E /* WEatsTests.xctest */,
				6EB595421FE4A5BE00DF267E /* WEatsUITests.xctest */,
			);
			name = Products;
			sourceTree = "<group>";
		};
		6EB595221FE4A5BE00DF267E /* WEats */ = {
			isa = PBXGroup;
			children = (
				6E20C8A91FF1A6E4001F620D /* Info.plist */,
				6EB5955A1FE4AA3B00DF267E /* Views */,
				6EB595591FE4AA3500DF267E /* Storyboards */,
				6EB595581FE4A9D600DF267E /* Model */,
				6EB595571FE4A9CF00DF267E /* Services */,
				6EB595561FE4A9CB00DF267E /* Supporting */,
				6EB595551FE4A9C500DF267E /* Rescources */,
				6EB595541FE4A9C000DF267E /* Controllers */,
			);
			path = WEats;
			sourceTree = "<group>";
		};
		6EB5953A1FE4A5BE00DF267E /* WEatsTests */ = {
			isa = PBXGroup;
			children = (
				6EB5953B1FE4A5BE00DF267E /* WEatsTests.swift */,
				6EB5953D1FE4A5BE00DF267E /* Info.plist */,
			);
			path = WEatsTests;
			sourceTree = "<group>";
		};
		6EB595451FE4A5BE00DF267E /* WEatsUITests */ = {
			isa = PBXGroup;
			children = (
				6EB595461FE4A5BE00DF267E /* WEatsUITests.swift */,
				6EB595481FE4A5BE00DF267E /* Info.plist */,
			);
			path = WEatsUITests;
			sourceTree = "<group>";
		};
		6EB595541FE4A9C000DF267E /* Controllers */ = {
			isa = PBXGroup;
			children = (
				6E20C8951FF094BA001F620D /* Onboarding */,
				6EB595691FE4B1F200DF267E /* MainSelectionControllerViewController.swift */,
			);
			path = Controllers;
			sourceTree = "<group>";
		};
		6EB595551FE4A9C500DF267E /* Rescources */ = {
			isa = PBXGroup;
			children = (
				6EB5956D1FE4B32C00DF267E /* Fonts */,
				6EB5955B1FE4AAB300DF267E /* Assets.xcassets */,
			);
			path = Rescources;
			sourceTree = "<group>";
		};
		6EB595561FE4A9CB00DF267E /* Supporting */ = {
			isa = PBXGroup;
			children = (
				6EB5955F1FE4AABC00DF267E /* AppDelegate.swift */,
				6EB595601FE4AABC00DF267E /* WEats.xcdatamodeld */,
				6EB5955D1FE4AABC00DF267E /* WEats-Bridging-Header.h */,
			);
			path = Supporting;
			sourceTree = "<group>";
		};
		6EB595571FE4A9CF00DF267E /* Services */ = {
			isa = PBXGroup;
			children = (
			);
			path = Services;
			sourceTree = "<group>";
		};
		6EB595581FE4A9D600DF267E /* Model */ = {
			isa = PBXGroup;
			children = (
				6EB5956B1FE4B20D00DF267E /* Restaurant.swift */,
			);
			path = Model;
			sourceTree = "<group>";
		};
		6EB595591FE4AA3500DF267E /* Storyboards */ = {
			isa = PBXGroup;
			children = (
				6EB595651FE4AAC500DF267E /* LaunchScreen.storyboard */,
				6EB595661FE4AAC500DF267E /* Main.storyboard */,
			);
			path = Storyboards;
			sourceTree = "<group>";
		};
		6EB5955A1FE4AA3B00DF267E /* Views */ = {
			isa = PBXGroup;
			children = (
				6EB595761FE4B8B600DF267E /* SuggestedRestaurantsCell.swift */,
			);
			path = Views;
			sourceTree = "<group>";
		};
		6EB5956D1FE4B32C00DF267E /* Fonts */ = {
			isa = PBXGroup;
			children = (
				6EB5956E1FE4B37900DF267E /* Lato-Bold.ttf */,
				6EB5956F1FE4B37900DF267E /* Lato-Hairline.ttf */,
				6EB595711FE4B37A00DF267E /* Lato-Italic.ttf */,
				6EB595701FE4B37A00DF267E /* Lato-Regular.ttf */,
				6E20C89A1FF149F4001F620D /* Lato-Light.ttf */,
			);
			path = Fonts;
			sourceTree = "<group>";
		};
/* End PBXGroup section */

/* Begin PBXNativeTarget section */
		6EB5951F1FE4A5BE00DF267E /* WEats */ = {
			isa = PBXNativeTarget;
			buildConfigurationList = 6EB5954B1FE4A5BE00DF267E /* Build configuration list for PBXNativeTarget "WEats" */;
			buildPhases = (
				CB772C655BD030F65C1E5C75 /* [CP] Check Pods Manifest.lock */,
				6EB5951C1FE4A5BE00DF267E /* Sources */,
				6EB5951D1FE4A5BE00DF267E /* Frameworks */,
				6EB5951E1FE4A5BE00DF267E /* Resources */,
				C391D6B9B9AD2135BE7C2660 /* [CP] Embed Pods Frameworks */,
				6D1575D4A3D417560E6F2E36 /* [CP] Copy Pods Resources */,
			);
			buildRules = (
			);
			dependencies = (
			);
			name = WEats;
			productName = WEats;
			productReference = 6EB595201FE4A5BE00DF267E /* WEats.app */;
			productType = "com.apple.product-type.application";
		};
		6EB595361FE4A5BE00DF267E /* WEatsTests */ = {
			isa = PBXNativeTarget;
			buildConfigurationList = 6EB5954E1FE4A5BE00DF267E /* Build configuration list for PBXNativeTarget "WEatsTests" */;
			buildPhases = (
				FE1A30C5FF2D0923DB1F8AA9 /* [CP] Check Pods Manifest.lock */,
				6EB595331FE4A5BE00DF267E /* Sources */,
				6EB595341FE4A5BE00DF267E /* Frameworks */,
				6EB595351FE4A5BE00DF267E /* Resources */,
				A1E7FA807D3EA725569D3BE7 /* [CP] Embed Pods Frameworks */,
				861CA9119F4685921926FE30 /* [CP] Copy Pods Resources */,
			);
			buildRules = (
			);
			dependencies = (
				6EB595391FE4A5BE00DF267E /* PBXTargetDependency */,
			);
			name = WEatsTests;
			productName = WEatsTests;
			productReference = 6EB595371FE4A5BE00DF267E /* WEatsTests.xctest */;
			productType = "com.apple.product-type.bundle.unit-test";
		};
		6EB595411FE4A5BE00DF267E /* WEatsUITests */ = {
			isa = PBXNativeTarget;
			buildConfigurationList = 6EB595511FE4A5BE00DF267E /* Build configuration list for PBXNativeTarget "WEatsUITests" */;
			buildPhases = (
				8398F089505400361BC56E62 /* [CP] Check Pods Manifest.lock */,
				6EB5953E1FE4A5BE00DF267E /* Sources */,
				6EB5953F1FE4A5BE00DF267E /* Frameworks */,
				6EB595401FE4A5BE00DF267E /* Resources */,
				FC0A09F842947C46CD4DCBEC /* [CP] Embed Pods Frameworks */,
				7F2CF97C249316C7ED7A7000 /* [CP] Copy Pods Resources */,
			);
			buildRules = (
			);
			dependencies = (
				6EB595441FE4A5BE00DF267E /* PBXTargetDependency */,
			);
			name = WEatsUITests;
			productName = WEatsUITests;
			productReference = 6EB595421FE4A5BE00DF267E /* WEatsUITests.xctest */;
			productType = "com.apple.product-type.bundle.ui-testing";
		};
/* End PBXNativeTarget section */

/* Begin PBXProject section */
		6EB595181FE4A5BE00DF267E /* Project object */ = {
			isa = PBXProject;
			attributes = {
				LastSwiftUpdateCheck = 0910;
				LastUpgradeCheck = 0910;
				ORGANIZATIONNAME = "Will Cohen";
				TargetAttributes = {
					6EB5951F1FE4A5BE00DF267E = {
						CreatedOnToolsVersion = 9.1;
						LastSwiftMigration = 0910;
						ProvisioningStyle = Automatic;
					};
					6EB595361FE4A5BE00DF267E = {
						CreatedOnToolsVersion = 9.1;
						ProvisioningStyle = Automatic;
						TestTargetID = 6EB5951F1FE4A5BE00DF267E;
					};
					6EB595411FE4A5BE00DF267E = {
						CreatedOnToolsVersion = 9.1;
						ProvisioningStyle = Automatic;
						TestTargetID = 6EB5951F1FE4A5BE00DF267E;
					};
				};
			};
			buildConfigurationList = 6EB5951B1FE4A5BE00DF267E /* Build configuration list for PBXProject "WEats" */;
			compatibilityVersion = "Xcode 8.0";
			developmentRegion = en;
			hasScannedForEncodings = 0;
			knownRegions = (
				en,
				Base,
			);
			mainGroup = 6EB595171FE4A5BE00DF267E;
			productRefGroup = 6EB595211FE4A5BE00DF267E /* Products */;
			projectDirPath = "";
			projectRoot = "";
			targets = (
				6EB5951F1FE4A5BE00DF267E /* WEats */,
				6EB595361FE4A5BE00DF267E /* WEatsTests */,
				6EB595411FE4A5BE00DF267E /* WEatsUITests */,
			);
		};
/* End PBXProject section */

/* Begin PBXResourcesBuildPhase section */
		6EB5951E1FE4A5BE00DF267E /* Resources */ = {
			isa = PBXResourcesBuildPhase;
			buildActionMask = 2147483647;
			files = (
				6EB595671FE4AAC500DF267E /* LaunchScreen.storyboard in Resources */,
				6EB595721FE4B37A00DF267E /* Lato-Bold.ttf in Resources */,
				6E20C8AA1FF1A6E4001F620D /* Info.plist in Resources */,
				6EB595731FE4B37A00DF267E /* Lato-Hairline.ttf in Resources */,
				6E20C89B1FF149F4001F620D /* Lato-Light.ttf in Resources */,
				6EB595741FE4B37A00DF267E /* Lato-Regular.ttf in Resources */,
				6EB5955C1FE4AAB300DF267E /* Assets.xcassets in Resources */,
				6EB595751FE4B37A00DF267E /* Lato-Italic.ttf in Resources */,
				6EB595681FE4AAC500DF267E /* Main.storyboard in Resources */,
			);
			runOnlyForDeploymentPostprocessing = 0;
		};
		6EB595351FE4A5BE00DF267E /* Resources */ = {
			isa = PBXResourcesBuildPhase;
			buildActionMask = 2147483647;
			files = (
			);
			runOnlyForDeploymentPostprocessing = 0;
		};
		6EB595401FE4A5BE00DF267E /* Resources */ = {
			isa = PBXResourcesBuildPhase;
			buildActionMask = 2147483647;
			files = (
			);
			runOnlyForDeploymentPostprocessing = 0;
		};
/* End PBXResourcesBuildPhase section */

/* Begin PBXShellScriptBuildPhase section */
		6D1575D4A3D417560E6F2E36 /* [CP] Copy Pods Resources */ = {
			isa = PBXShellScriptBuildPhase;
			buildActionMask = 2147483647;
			files = (
			);
			inputPaths = (
			);
			name = "[CP] Copy Pods Resources";
			outputPaths = (
			);
			runOnlyForDeploymentPostprocessing = 0;
			shellPath = /bin/sh;
			shellScript = "\"${SRCROOT}/Pods/Target Support Files/Pods-WEats/Pods-WEats-resources.sh\"\n";
			showEnvVarsInLog = 0;
		};
		7F2CF97C249316C7ED7A7000 /* [CP] Copy Pods Resources */ = {
			isa = PBXShellScriptBuildPhase;
			buildActionMask = 2147483647;
			files = (
			);
			inputPaths = (
			);
			name = "[CP] Copy Pods Resources";
			outputPaths = (
			);
			runOnlyForDeploymentPostprocessing = 0;
			shellPath = /bin/sh;
			shellScript = "\"${SRCROOT}/Pods/Target Support Files/Pods-WEatsUITests/Pods-WEatsUITests-resources.sh\"\n";
			showEnvVarsInLog = 0;
		};
		8398F089505400361BC56E62 /* [CP] Check Pods Manifest.lock */ = {
			isa = PBXShellScriptBuildPhase;
			buildActionMask = 2147483647;
			files = (
			);
			inputPaths = (
			);
			name = "[CP] Check Pods Manifest.lock";
			outputPaths = (
			);
			runOnlyForDeploymentPostprocessing = 0;
			shellPath = /bin/sh;
			shellScript = "diff \"${PODS_PODFILE_DIR_PATH}/Podfile.lock\" \"${PODS_ROOT}/Manifest.lock\" > /dev/null\nif [ $? != 0 ] ; then\n    # print error to STDERR\n    echo \"error: The sandbox is not in sync with the Podfile.lock. Run 'pod install' or update your CocoaPods installation.\" >&2\n    exit 1\nfi\n";
			showEnvVarsInLog = 0;
		};
		861CA9119F4685921926FE30 /* [CP] Copy Pods Resources */ = {
			isa = PBXShellScriptBuildPhase;
			buildActionMask = 2147483647;
			files = (
			);
			inputPaths = (
			);
			name = "[CP] Copy Pods Resources";
			outputPaths = (
			);
			runOnlyForDeploymentPostprocessing = 0;
			shellPath = /bin/sh;
			shellScript = "\"${SRCROOT}/Pods/Target Support Files/Pods-WEatsTests/Pods-WEatsTests-resources.sh\"\n";
			showEnvVarsInLog = 0;
		};
		A1E7FA807D3EA725569D3BE7 /* [CP] Embed Pods Frameworks */ = {
			isa = PBXShellScriptBuildPhase;
			buildActionMask = 2147483647;
			files = (
			);
			inputPaths = (
			);
			name = "[CP] Embed Pods Frameworks";
			outputPaths = (
			);
			runOnlyForDeploymentPostprocessing = 0;
			shellPath = /bin/sh;
			shellScript = "\"${SRCROOT}/Pods/Target Support Files/Pods-WEatsTests/Pods-WEatsTests-frameworks.sh\"\n";
			showEnvVarsInLog = 0;
		};
		C391D6B9B9AD2135BE7C2660 /* [CP] Embed Pods Frameworks */ = {
			isa = PBXShellScriptBuildPhase;
			buildActionMask = 2147483647;
			files = (
			);
			inputPaths = (
			);
			name = "[CP] Embed Pods Frameworks";
			outputPaths = (
			);
			runOnlyForDeploymentPostprocessing = 0;
			shellPath = /bin/sh;
			shellScript = "\"${SRCROOT}/Pods/Target Support Files/Pods-WEats/Pods-WEats-frameworks.sh\"\n";
			showEnvVarsInLog = 0;
		};
		CB772C655BD030F65C1E5C75 /* [CP] Check Pods Manifest.lock */ = {
			isa = PBXShellScriptBuildPhase;
			buildActionMask = 2147483647;
			files = (
			);
			inputPaths = (
			);
			name = "[CP] Check Pods Manifest.lock";
			outputPaths = (
			);
			runOnlyForDeploymentPostprocessing = 0;
			shellPath = /bin/sh;
			shellScript = "diff \"${PODS_PODFILE_DIR_PATH}/Podfile.lock\" \"${PODS_ROOT}/Manifest.lock\" > /dev/null\nif [ $? != 0 ] ; then\n    # print error to STDERR\n    echo \"error: The sandbox is not in sync with the Podfile.lock. Run 'pod install' or update your CocoaPods installation.\" >&2\n    exit 1\nfi\n";
			showEnvVarsInLog = 0;
		};
		FC0A09F842947C46CD4DCBEC /* [CP] Embed Pods Frameworks */ = {
			isa = PBXShellScriptBuildPhase;
			buildActionMask = 2147483647;
			files = (
			);
			inputPaths = (
			);
			name = "[CP] Embed Pods Frameworks";
			outputPaths = (
			);
			runOnlyForDeploymentPostprocessing = 0;
			shellPath = /bin/sh;
			shellScript = "\"${SRCROOT}/Pods/Target Support Files/Pods-WEatsUITests/Pods-WEatsUITests-frameworks.sh\"\n";
			showEnvVarsInLog = 0;
		};
		FE1A30C5FF2D0923DB1F8AA9 /* [CP] Check Pods Manifest.lock */ = {
			isa = PBXShellScriptBuildPhase;
			buildActionMask = 2147483647;
			files = (
			);
			inputPaths = (
			);
			name = "[CP] Check Pods Manifest.lock";
			outputPaths = (
			);
			runOnlyForDeploymentPostprocessing = 0;
			shellPath = /bin/sh;
			shellScript = "diff \"${PODS_PODFILE_DIR_PATH}/Podfile.lock\" \"${PODS_ROOT}/Manifest.lock\" > /dev/null\nif [ $? != 0 ] ; then\n    # print error to STDERR\n    echo \"error: The sandbox is not in sync with the Podfile.lock. Run 'pod install' or update your CocoaPods installation.\" >&2\n    exit 1\nfi\n";
			showEnvVarsInLog = 0;
		};
/* End PBXShellScriptBuildPhase section */

/* Begin PBXSourcesBuildPhase section */
		6EB5951C1FE4A5BE00DF267E /* Sources */ = {
			isa = PBXSourcesBuildPhase;
			buildActionMask = 2147483647;
			files = (
				6E20C89D1FF16A1C001F620D /* MainOnboardController.swift in Sources */,
				6EB595771FE4B8B600DF267E /* SuggestedRestaurantsCell.swift in Sources */,
				6EB5956C1FE4B20D00DF267E /* Restaurant.swift in Sources */,
				6EB595641FE4AABC00DF267E /* WEats.xcdatamodeld in Sources */,
				6E20C8A81FF16AF5001F620D /* FifthOnboardDisplay.swift in Sources */,
				6EB5956A1FE4B1F200DF267E /* MainSelectionControllerViewController.swift in Sources */,
				6E20C8A21FF16AA6001F620D /* SecondOnboardDisplay.swift in Sources */,
				6E20C8A41FF16AB4001F620D /* ThirdOnboardDisplay.swift in Sources */,
				6E20C8AE1FF1D782001F620D /* SignUpController.swift in Sources */,
				6E20C8991FF144D4001F620D /* OnboardingPageController.swift in Sources */,
				6EB595631FE4AABC00DF267E /* AppDelegate.swift in Sources */,
				6E20C8A61FF16AE7001F620D /* FourthOnboardDisplay.swift in Sources */,
				6E20C8A01FF16A94001F620D /* FirstOnboardDisplay.swift in Sources */,
			);
			runOnlyForDeploymentPostprocessing = 0;
		};
		6EB595331FE4A5BE00DF267E /* Sources */ = {
			isa = PBXSourcesBuildPhase;
			buildActionMask = 2147483647;
			files = (
				6EB5953C1FE4A5BE00DF267E /* WEatsTests.swift in Sources */,
			);
			runOnlyForDeploymentPostprocessing = 0;
		};
		6EB5953E1FE4A5BE00DF267E /* Sources */ = {
			isa = PBXSourcesBuildPhase;
			buildActionMask = 2147483647;
			files = (
				6EB595471FE4A5BE00DF267E /* WEatsUITests.swift in Sources */,
			);
			runOnlyForDeploymentPostprocessing = 0;
		};
/* End PBXSourcesBuildPhase section */

/* Begin PBXTargetDependency section */
		6EB595391FE4A5BE00DF267E /* PBXTargetDependency */ = {
			isa = PBXTargetDependency;
			target = 6EB5951F1FE4A5BE00DF267E /* WEats */;
			targetProxy = 6EB595381FE4A5BE00DF267E /* PBXContainerItemProxy */;
		};
		6EB595441FE4A5BE00DF267E /* PBXTargetDependency */ = {
			isa = PBXTargetDependency;
			target = 6EB5951F1FE4A5BE00DF267E /* WEats */;
			targetProxy = 6EB595431FE4A5BE00DF267E /* PBXContainerItemProxy */;
		};
/* End PBXTargetDependency section */

/* Begin XCBuildConfiguration section */
		6EB595491FE4A5BE00DF267E /* Debug */ = {
			isa = XCBuildConfiguration;
			buildSettings = {
				ALWAYS_SEARCH_USER_PATHS = NO;
				CLANG_ANALYZER_NONNULL = YES;
				CLANG_ANALYZER_NUMBER_OBJECT_CONVERSION = YES_AGGRESSIVE;
				CLANG_CXX_LANGUAGE_STANDARD = "gnu++14";
				CLANG_CXX_LIBRARY = "libc++";
				CLANG_ENABLE_MODULES = YES;
				CLANG_ENABLE_OBJC_ARC = YES;
				CLANG_WARN_BLOCK_CAPTURE_AUTORELEASING = YES;
				CLANG_WARN_BOOL_CONVERSION = YES;
				CLANG_WARN_COMMA = YES;
				CLANG_WARN_CONSTANT_CONVERSION = YES;
				CLANG_WARN_DIRECT_OBJC_ISA_USAGE = YES_ERROR;
				CLANG_WARN_DOCUMENTATION_COMMENTS = YES;
				CLANG_WARN_EMPTY_BODY = YES;
				CLANG_WARN_ENUM_CONVERSION = YES;
				CLANG_WARN_INFINITE_RECURSION = YES;
				CLANG_WARN_INT_CONVERSION = YES;
				CLANG_WARN_NON_LITERAL_NULL_CONVERSION = YES;
				CLANG_WARN_OBJC_LITERAL_CONVERSION = YES;
				CLANG_WARN_OBJC_ROOT_CLASS = YES_ERROR;
				CLANG_WARN_RANGE_LOOP_ANALYSIS = YES;
				CLANG_WARN_STRICT_PROTOTYPES = YES;
				CLANG_WARN_SUSPICIOUS_MOVE = YES;
				CLANG_WARN_UNGUARDED_AVAILABILITY = YES_AGGRESSIVE;
				CLANG_WARN_UNREACHABLE_CODE = YES;
				CLANG_WARN__DUPLICATE_METHOD_MATCH = YES;
				CODE_SIGN_IDENTITY = "iPhone Developer";
				COPY_PHASE_STRIP = NO;
				DEBUG_INFORMATION_FORMAT = dwarf;
				ENABLE_STRICT_OBJC_MSGSEND = YES;
				ENABLE_TESTABILITY = YES;
				GCC_C_LANGUAGE_STANDARD = gnu11;
				GCC_DYNAMIC_NO_PIC = NO;
				GCC_NO_COMMON_BLOCKS = YES;
				GCC_OPTIMIZATION_LEVEL = 0;
				GCC_PREPROCESSOR_DEFINITIONS = (
					"DEBUG=1",
					"$(inherited)",
				);
				GCC_WARN_64_TO_32_BIT_CONVERSION = YES;
				GCC_WARN_ABOUT_RETURN_TYPE = YES_ERROR;
				GCC_WARN_UNDECLARED_SELECTOR = YES;
				GCC_WARN_UNINITIALIZED_AUTOS = YES_AGGRESSIVE;
				GCC_WARN_UNUSED_FUNCTION = YES;
				GCC_WARN_UNUSED_VARIABLE = YES;
				IPHONEOS_DEPLOYMENT_TARGET = 11.1;
				MTL_ENABLE_DEBUG_INFO = YES;
				ONLY_ACTIVE_ARCH = YES;
				SDKROOT = iphoneos;
				SWIFT_ACTIVE_COMPILATION_CONDITIONS = DEBUG;
				SWIFT_OPTIMIZATION_LEVEL = "-Onone";
			};
			name = Debug;
		};
		6EB5954A1FE4A5BE00DF267E /* Release */ = {
			isa = XCBuildConfiguration;
			buildSettings = {
				ALWAYS_SEARCH_USER_PATHS = NO;
				CLANG_ANALYZER_NONNULL = YES;
				CLANG_ANALYZER_NUMBER_OBJECT_CONVERSION = YES_AGGRESSIVE;
				CLANG_CXX_LANGUAGE_STANDARD = "gnu++14";
				CLANG_CXX_LIBRARY = "libc++";
				CLANG_ENABLE_MODULES = YES;
				CLANG_ENABLE_OBJC_ARC = YES;
				CLANG_WARN_BLOCK_CAPTURE_AUTORELEASING = YES;
				CLANG_WARN_BOOL_CONVERSION = YES;
				CLANG_WARN_COMMA = YES;
				CLANG_WARN_CONSTANT_CONVERSION = YES;
				CLANG_WARN_DIRECT_OBJC_ISA_USAGE = YES_ERROR;
				CLANG_WARN_DOCUMENTATION_COMMENTS = YES;
				CLANG_WARN_EMPTY_BODY = YES;
				CLANG_WARN_ENUM_CONVERSION = YES;
				CLANG_WARN_INFINITE_RECURSION = YES;
				CLANG_WARN_INT_CONVERSION = YES;
				CLANG_WARN_NON_LITERAL_NULL_CONVERSION = YES;
				CLANG_WARN_OBJC_LITERAL_CONVERSION = YES;
				CLANG_WARN_OBJC_ROOT_CLASS = YES_ERROR;
				CLANG_WARN_RANGE_LOOP_ANALYSIS = YES;
				CLANG_WARN_STRICT_PROTOTYPES = YES;
				CLANG_WARN_SUSPICIOUS_MOVE = YES;
				CLANG_WARN_UNGUARDED_AVAILABILITY = YES_AGGRESSIVE;
				CLANG_WARN_UNREACHABLE_CODE = YES;
				CLANG_WARN__DUPLICATE_METHOD_MATCH = YES;
				CODE_SIGN_IDENTITY = "iPhone Developer";
				COPY_PHASE_STRIP = NO;
				DEBUG_INFORMATION_FORMAT = "dwarf-with-dsym";
				ENABLE_NS_ASSERTIONS = NO;
				ENABLE_STRICT_OBJC_MSGSEND = YES;
				GCC_C_LANGUAGE_STANDARD = gnu11;
				GCC_NO_COMMON_BLOCKS = YES;
				GCC_WARN_64_TO_32_BIT_CONVERSION = YES;
				GCC_WARN_ABOUT_RETURN_TYPE = YES_ERROR;
				GCC_WARN_UNDECLARED_SELECTOR = YES;
				GCC_WARN_UNINITIALIZED_AUTOS = YES_AGGRESSIVE;
				GCC_WARN_UNUSED_FUNCTION = YES;
				GCC_WARN_UNUSED_VARIABLE = YES;
				IPHONEOS_DEPLOYMENT_TARGET = 11.1;
				MTL_ENABLE_DEBUG_INFO = NO;
				SDKROOT = iphoneos;
				SWIFT_OPTIMIZATION_LEVEL = "-Owholemodule";
				VALIDATE_PRODUCT = YES;
			};
			name = Release;
		};
		6EB5954C1FE4A5BE00DF267E /* Debug */ = {
			isa = XCBuildConfiguration;
			baseConfigurationReference = 34C8D62BCD429B6DCCAF8471 /* Pods-WEats.debug.xcconfig */;
			buildSettings = {
				ASSETCATALOG_COMPILER_APPICON_NAME = AppIcon;
				CLANG_ENABLE_MODULES = YES;
				CODE_SIGN_STYLE = Automatic;
				DEVELOPMENT_TEAM = APD6EME7F3;
				INFOPLIST_FILE = WEats/Info.plist;
				LD_RUNPATH_SEARCH_PATHS = "$(inherited) @executable_path/Frameworks";
				PRODUCT_BUNDLE_IDENTIFIER = com.willcohen.WEats;
				PRODUCT_NAME = "$(TARGET_NAME)";
				SWIFT_OBJC_BRIDGING_HEADER = "WEats/Supporting/WEats-Bridging-Header.h";
				SWIFT_OPTIMIZATION_LEVEL = "-Onone";
				SWIFT_VERSION = 4.0;
				TARGETED_DEVICE_FAMILY = "1,2";
			};
			name = Debug;
		};
		6EB5954D1FE4A5BE00DF267E /* Release */ = {
			isa = XCBuildConfiguration;
			baseConfigurationReference = B15614B5D216DDEEBD1242D9 /* Pods-WEats.release.xcconfig */;
			buildSettings = {
				ASSETCATALOG_COMPILER_APPICON_NAME = AppIcon;
				CLANG_ENABLE_MODULES = YES;
				CODE_SIGN_STYLE = Automatic;
				DEVELOPMENT_TEAM = APD6EME7F3;
				INFOPLIST_FILE = WEats/Info.plist;
				LD_RUNPATH_SEARCH_PATHS = "$(inherited) @executable_path/Frameworks";
				PRODUCT_BUNDLE_IDENTIFIER = com.willcohen.WEats;
				PRODUCT_NAME = "$(TARGET_NAME)";
				SWIFT_OBJC_BRIDGING_HEADER = "WEats/Supporting/WEats-Bridging-Header.h";
				SWIFT_VERSION = 4.0;
				TARGETED_DEVICE_FAMILY = "1,2";
			};
			name = Release;
		};
		6EB5954F1FE4A5BE00DF267E /* Debug */ = {
			isa = XCBuildConfiguration;
			baseConfigurationReference = 1FA11A14EFB8181D739AB97F /* Pods-WEatsTests.debug.xcconfig */;
			buildSettings = {
				ALWAYS_EMBED_SWIFT_STANDARD_LIBRARIES = YES;
				BUNDLE_LOADER = "$(TEST_HOST)";
				CODE_SIGN_STYLE = Automatic;
				INFOPLIST_FILE = WEatsTests/Info.plist;
				LD_RUNPATH_SEARCH_PATHS = "$(inherited) @executable_path/Frameworks @loader_path/Frameworks";
				PRODUCT_BUNDLE_IDENTIFIER = com.willcohen.WEatsTests;
				PRODUCT_NAME = "$(TARGET_NAME)";
				SWIFT_VERSION = 4.0;
				TARGETED_DEVICE_FAMILY = "1,2";
				TEST_HOST = "$(BUILT_PRODUCTS_DIR)/WEats.app/WEats";
			};
			name = Debug;
		};
		6EB595501FE4A5BE00DF267E /* Release */ = {
			isa = XCBuildConfiguration;
			baseConfigurationReference = D711A0DED51E54CE8A5BEE1E /* Pods-WEatsTests.release.xcconfig */;
			buildSettings = {
				ALWAYS_EMBED_SWIFT_STANDARD_LIBRARIES = YES;
				BUNDLE_LOADER = "$(TEST_HOST)";
				CODE_SIGN_STYLE = Automatic;
				INFOPLIST_FILE = WEatsTests/Info.plist;
				LD_RUNPATH_SEARCH_PATHS = "$(inherited) @executable_path/Frameworks @loader_path/Frameworks";
				PRODUCT_BUNDLE_IDENTIFIER = com.willcohen.WEatsTests;
				PRODUCT_NAME = "$(TARGET_NAME)";
				SWIFT_VERSION = 4.0;
				TARGETED_DEVICE_FAMILY = "1,2";
				TEST_HOST = "$(BUILT_PRODUCTS_DIR)/WEats.app/WEats";
			};
			name = Release;
		};
		6EB595521FE4A5BE00DF267E /* Debug */ = {
			isa = XCBuildConfiguration;
			baseConfigurationReference = 161475F5E98491AFDE4A0B4E /* Pods-WEatsUITests.debug.xcconfig */;
			buildSettings = {
				ALWAYS_EMBED_SWIFT_STANDARD_LIBRARIES = YES;
				CODE_SIGN_STYLE = Automatic;
				INFOPLIST_FILE = WEatsUITests/Info.plist;
				LD_RUNPATH_SEARCH_PATHS = "$(inherited) @executable_path/Frameworks @loader_path/Frameworks";
				PRODUCT_BUNDLE_IDENTIFIER = com.willcohen.WEatsUITests;
				PRODUCT_NAME = "$(TARGET_NAME)";
				SWIFT_VERSION = 4.0;
				TARGETED_DEVICE_FAMILY = "1,2";
				TEST_TARGET_NAME = WEats;
			};
			name = Debug;
		};
		6EB595531FE4A5BE00DF267E /* Release */ = {
			isa = XCBuildConfiguration;
			baseConfigurationReference = 383D98A72538773990B3B2A4 /* Pods-WEatsUITests.release.xcconfig */;
			buildSettings = {
				ALWAYS_EMBED_SWIFT_STANDARD_LIBRARIES = YES;
				CODE_SIGN_STYLE = Automatic;
				INFOPLIST_FILE = WEatsUITests/Info.plist;
				LD_RUNPATH_SEARCH_PATHS = "$(inherited) @executable_path/Frameworks @loader_path/Frameworks";
				PRODUCT_BUNDLE_IDENTIFIER = com.willcohen.WEatsUITests;
				PRODUCT_NAME = "$(TARGET_NAME)";
				SWIFT_VERSION = 4.0;
				TARGETED_DEVICE_FAMILY = "1,2";
				TEST_TARGET_NAME = WEats;
			};
			name = Release;
		};
/* End XCBuildConfiguration section */

/* Begin XCConfigurationList section */
		6EB5951B1FE4A5BE00DF267E /* Build configuration list for PBXProject "WEats" */ = {
			isa = XCConfigurationList;
			buildConfigurations = (
				6EB595491FE4A5BE00DF267E /* Debug */,
				6EB5954A1FE4A5BE00DF267E /* Release */,
			);
			defaultConfigurationIsVisible = 0;
			defaultConfigurationName = Release;
		};
		6EB5954B1FE4A5BE00DF267E /* Build configuration list for PBXNativeTarget "WEats" */ = {
			isa = XCConfigurationList;
			buildConfigurations = (
				6EB5954C1FE4A5BE00DF267E /* Debug */,
				6EB5954D1FE4A5BE00DF267E /* Release */,
			);
			defaultConfigurationIsVisible = 0;
			defaultConfigurationName = Release;
		};
		6EB5954E1FE4A5BE00DF267E /* Build configuration list for PBXNativeTarget "WEatsTests" */ = {
			isa = XCConfigurationList;
			buildConfigurations = (
				6EB5954F1FE4A5BE00DF267E /* Debug */,
				6EB595501FE4A5BE00DF267E /* Release */,
			);
			defaultConfigurationIsVisible = 0;
			defaultConfigurationName = Release;
		};
		6EB595511FE4A5BE00DF267E /* Build configuration list for PBXNativeTarget "WEatsUITests" */ = {
			isa = XCConfigurationList;
			buildConfigurations = (
				6EB595521FE4A5BE00DF267E /* Debug */,
				6EB595531FE4A5BE00DF267E /* Release */,
			);
			defaultConfigurationIsVisible = 0;
			defaultConfigurationName = Release;
		};
/* End XCConfigurationList section */

/* Begin XCVersionGroup section */
		6EB595601FE4AABC00DF267E /* WEats.xcdatamodeld */ = {
			isa = XCVersionGroup;
			children = (
				6EB595611FE4AABC00DF267E /* WEats.xcdatamodel */,
			);
			currentVersion = 6EB595611FE4AABC00DF267E /* WEats.xcdatamodel */;
			path = WEats.xcdatamodeld;
			sourceTree = "<group>";
			versionGroupType = wrapper.xcdatamodel;
		};
/* End XCVersionGroup section */
	};
	rootObject = 6EB595181FE4A5BE00DF267E /* Project object */;
}
